
Microsoft Visual Studio Solution File, Format Version 12.00
# Visual Studio Version 17
VisualStudioVersion = 17.4.33213.308
MinimumVisualStudioVersion = 10.0.40219.1
Project("{FAE04EC0-301F-11D3-BF4B-00C04F79EFBC}") = "FanQieNovelsDownload", "FanQieNovelsDownload.csproj", "{63DC814C-D8FC-438E-B29A-F8946E8061A7}"
EndProject
Global
	GlobalSection(SolutionConfigurationPlatforms) = preSolution
		Debug|Any CPU = Debug|Any CPU
		Release|Any CPU = Release|Any CPU
	EndGlobalSection
	GlobalSection(ProjectConfigurationPlatforms) = postSolution
		{63DC814C-D8FC-438E-B29A-F8946E8061A7}.Debug|Any CPU.ActiveCfg = Debug|Any CPU
		{63DC814C-D8FC-438E-B29A-F8946E8061A7}.Debug|Any CPU.Build.0 = Debug|Any CPU
		{63DC814C-D8FC-438E-B29A-F8946E8061A7}.Release|Any CPU.ActiveCfg = Release|Any CPU
		{63DC814C-D8FC-438E-B29A-F8946E8061A7}.Release|Any CPU.Build.0 = Release|Any CPU
	EndGlobalSection
	GlobalSection(SolutionProperties) = preSolution
		HideSolutionNode = FALSE
	EndGlobalSection
	GlobalSection(ExtensibilityGlobals) = postSolution
		SolutionGuid = {6829F584-A002-46D7-913F-BBB2B20BDE11}
	EndGlobalSection
EndGlobal
